
Microsoft Visual Studio Solution File, Format Version 12.00
# Visual Studio Version 17
VisualStudioVersion = 17.7.34031.279
MinimumVisualStudioVersion = 10.0.40219.1
Project("{FAE04EC0-301F-11D3-BF4B-00C04F79EFBC}") = "project1", "project1.csproj", "{6B74FF2C-4302-487B-B36A-5B17537EBF5B}"
EndProject
Global
	GlobalSection(SolutionConfigurationPlatforms) = preSolution
		Debug|Any CPU = Debug|Any CPU
		Release|Any CPU = Release|Any CPU
	EndGlobalSection
	GlobalSection(ProjectConfigurationPlatforms) = postSolution
		{6B74FF2C-4302-487B-B36A-5B17537EBF5B}.Debug|Any CPU.ActiveCfg = Debug|Any CPU
		{6B74FF2C-4302-487B-B36A-5B17537EBF5B}.Debug|Any CPU.Build.0 = Debug|Any CPU
		{6B74FF2C-4302-487B-B36A-5B17537EBF5B}.Release|Any CPU.ActiveCfg = Release|Any CPU
		{6B74FF2C-4302-487B-B36A-5B17537EBF5B}.Release|Any CPU.Build.0 = Release|Any CPU
	EndGlobalSection
	GlobalSection(SolutionProperties) = preSolution
		HideSolutionNode = FALSE
	EndGlobalSection
	GlobalSection(ExtensibilityGlobals) = postSolution
		SolutionGuid = {44D431D6-83E3-4CC3-B7D2-EA20F82F16AA}
	EndGlobalSection
EndGlobal
